// !$*UTF8*$!
{
	archiveVersion = 1;
	classes = {
	};
	objectVersion = 50;
	objects = {

/* Begin PBXBuildFile section */
		8ABCC17026AF1AF700B31C91 /* AppDelegate.swift in Sources */ = {isa = PBXBuildFile; fileRef = 8ABCC16F26AF1AF700B31C91 /* AppDelegate.swift */; };
		8ABCC17226AF1AF700B31C91 /* SceneDelegate.swift in Sources */ = {isa = PBXBuildFile; fileRef = 8ABCC17126AF1AF700B31C91 /* SceneDelegate.swift */; };
		8ABCC17426AF1AF700B31C91 /* ViewController.swift in Sources */ = {isa = PBXBuildFile; fileRef = 8ABCC17326AF1AF700B31C91 /* ViewController.swift */; };
		8ABCC17726AF1AF700B31C91 /* Main.storyboard in Resources */ = {isa = PBXBuildFile; fileRef = 8ABCC17526AF1AF700B31C91 /* Main.storyboard */; };
		8ABCC17926AF1AF800B31C91 /* Assets.xcassets in Resources */ = {isa = PBXBuildFile; fileRef = 8ABCC17826AF1AF800B31C91 /* Assets.xcassets */; };
		8ABCC17C26AF1AF800B31C91 /* LaunchScreen.storyboard in Resources */ = {isa = PBXBuildFile; fileRef = 8ABCC17A26AF1AF800B31C91 /* LaunchScreen.storyboard */; };
		8ABCC18426AF1CC500B31C91 /* Utilities.swift in Sources */ = {isa = PBXBuildFile; fileRef = 8ABCC18326AF1CC500B31C91 /* Utilities.swift */; };
/* End PBXBuildFile section */

/* Begin PBXFileReference section */
		8ABCC16C26AF1AF700B31C91 /* PrintStuff.app */ = {isa = PBXFileReference; explicitFileType = wrapper.application; includeInIndex = 0; path = PrintStuff.app; sourceTree = BUILT_PRODUCTS_DIR; };
		8ABCC16F26AF1AF700B31C91 /* AppDelegate.swift */ = {isa = PBXFileReference; lastKnownFileType = sourcecode.swift; path = AppDelegate.swift; sourceTree = "<group>"; };
		8ABCC17126AF1AF700B31C91 /* SceneDelegate.swift */ = {isa = PBXFileReference; lastKnownFileType = sourcecode.swift; path = SceneDelegate.swift; sourceTree = "<group>"; };
		8ABCC17326AF1AF700B31C91 /* ViewController.swift */ = {isa = PBXFileReference; lastKnownFileType = sourcecode.swift; path = ViewController.swift; sourceTree = "<group>"; };
		8ABCC17626AF1AF700B31C91 /* Base */ = {isa = PBXFileReference; lastKnownFileType = file.storyboard; name = Base; path = Base.lproj/Main.storyboard; sourceTree = "<group>"; };
		8ABCC17826AF1AF800B31C91 /* Assets.xcassets */ = {isa = PBXFileReference; lastKnownFileType = folder.assetcatalog; path = Assets.xcassets; sourceTree = "<group>"; };
		8ABCC17B26AF1AF800B31C91 /* Base */ = {isa = PBXFileReference; lastKnownFileType = file.storyboard; name = Base; path = Base.lproj/LaunchScreen.storyboard; sourceTree = "<group>"; };
		8ABCC17D26AF1AF800B31C91 /* Info.plist */ = {isa = PBXFileReference; lastKnownFileType = text.plist.xml; path = Info.plist; sourceTree = "<group>"; };
		8ABCC18326AF1CC500B31C91 /* Utilities.swift */ = {isa = PBXFileReference; lastKnownFileType = sourcecode.swift; path = Utilities.swift; sourceTree = "<group>"; };
/* End PBXFileReference section */

/* Begin PBXFrameworksBuildPhase section */
		8ABCC16926AF1AF700B31C91 /* Frameworks */ = {
			isa = PBXFrameworksBuildPhase;
			buildActionMask = 2147483647;
			files = (
			);
			runOnlyForDeploymentPostprocessing = 0;
		};
/* End PBXFrameworksBuildPhase section */

/* Begin PBXGroup section */
		8ABCC16326AF1AF700B31C91 = {
			isa = PBXGroup;
			children = (
				8ABCC16E26AF1AF700B31C91 /* PrintStuff */,
				8ABCC16D26AF1AF700B31C91 /* Products */,
			);
			sourceTree = "<group>";
		};
		8ABCC16D26AF1AF700B31C91 /* Products */ = {
			isa = PBXGroup;
			children = (
				8ABCC16C26AF1AF700B31C91 /* PrintStuff.app */,
			);
			name = Products;
			sourceTree = "<group>";
		};
		8ABCC16E26AF1AF700B31C91 /* PrintStuff */ = {
			isa = PBXGroup;
			children = (
				8ABCC16F26AF1AF700B31C91 /* AppDelegate.swift */,
				8ABCC17126AF1AF700B31C91 /* SceneDelegate.swift */,
				8ABCC17326AF1AF700B31C91 /* ViewController.swift */,
				8ABCC18326AF1CC500B31C91 /* Utilities.swift */,
				8ABCC17526AF1AF700B31C91 /* Main.storyboard */,
				8ABCC17826AF1AF800B31C91 /* Assets.xcassets */,
				8ABCC17A26AF1AF800B31C91 /* LaunchScreen.storyboard */,
				8ABCC17D26AF1AF800B31C91 /* Info.plist */,
			);
			path = PrintStuff;
			sourceTree = "<group>";
		};
/* End PBXGroup section */

/* Begin PBXNativeTarget section */
		8ABCC16B26AF1AF700B31C91 /* PrintStuff */ = {
			isa = PBXNativeTarget;
			buildConfigurationList = 8ABCC18026AF1AF800B31C91 /* Build configuration list for PBXNativeTarget "PrintStuff" */;
			buildPhases = (
				8ABCC16826AF1AF700B31C91 /* Sources */,
				8ABCC16926AF1AF700B31C91 /* Frameworks */,
				8ABCC16A26AF1AF700B31C91 /* Resources */,
			);
			buildRules = (
			);
			dependencies = (
			);
			name = PrintStuff;
			productName = PrintStuff;
			productReference = 8ABCC16C26AF1AF700B31C91 /* PrintStuff.app */;
			productType = "com.apple.product-type.application";
		};
/* End PBXNativeTarget section */

/* Begin PBXProject section */
		8ABCC16426AF1AF700B31C91 /* Project object */ = {
			isa = PBXProject;
			attributes = {
				LastSwiftUpdateCheck = 1250;
				LastUpgradeCheck = 1250;
				TargetAttributes = {
					8ABCC16B26AF1AF700B31C91 = {
						CreatedOnToolsVersion = 12.5.1;
					};
				};
			};
			buildConfigurationList = 8ABCC16726AF1AF700B31C91 /* Build configuration list for PBXProject "PrintStuff" */;
			compatibilityVersion = "Xcode 9.3";
			developmentRegion = en;
			hasScannedForEncodings = 0;
			knownRegions = (
				en,
				Base,
			);
			mainGroup = 8ABCC16326AF1AF700B31C91;
			productRefGroup = 8ABCC16D26AF1AF700B31C91 /* Products */;
			projectDirPath = "";
			projectRoot = "";
			targets = (
				8ABCC16B26AF1AF700B31C91 /* PrintStuff */,
			);
		};
/* End PBXProject section */

/* Begin PBXResourcesBuildPhase section */
		8ABCC16A26AF1AF700B31C91 /* Resources */ = {
			isa = PBXResourcesBuildPhase;
			buildActionMask = 2147483647;
			files = (
				8ABCC17C26AF1AF800B31C91 /* LaunchScreen.storyboard in Resources */,
				8ABCC17926AF1AF800B31C91 /* Assets.xcassets in Resources */,
				8ABCC17726AF1AF700B31C91 /* Main.storyboard in Resources */,
			);
			runOnlyForDeploymentPostprocessing = 0;
		};
/* End PBXResourcesBuildPhase section */

/* Begin PBXSourcesBuildPhase section */
		8ABCC16826AF1AF700B31C91 /* Sources */ = {
			isa = PBXSourcesBuildPhase;
			buildActionMask = 2147483647;
			files = (
				8ABCC17426AF1AF700B31C91 /* ViewController.swift in Sources */,
				8ABCC17026AF1AF700B31C91 /* AppDelegate.swift in Sources */,
				8ABCC18426AF1CC500B31C91 /* Utilities.swift in Sources */,
				8ABCC17226AF1AF700B31C91 /* SceneDelegate.swift in Sources */,
			);
			runOnlyForDeploymentPostprocessing = 0;
		};
/* End PBXSourcesBuildPhase section */

/* Begin PBXVariantGroup section */
		8ABCC17526AF1AF700B31C91 /* Main.storyboard */ = {
			isa = PBXVariantGroup;
			children = (
				8ABCC17626AF1AF700B31C91 /* Base */,
			);
			name = Main.storyboard;
			sourceTree = "<group>";
		};
		8ABCC17A26AF1AF800B31C91 /* LaunchScreen.storyboard */ = {
			isa = PBXVariantGroup;
			children = (
				8ABCC17B26AF1AF800B31C91 /* Base */,
			);
			name = LaunchScreen.storyboard;
			sourceTree = "<group>";
		};
/* End PBXVariantGroup section */

/* Begin XCBuildConfiguration section */
		8ABCC17E26AF1AF800B31C91 /* Debug */ = {
			isa = XCBuildConfiguration;
			buildSettings = {
				ALWAYS_SEARCH_USER_PATHS = NO;
				CLANG_ANALYZER_NONNULL = YES;
				CLANG_ANALYZER_NUMBER_OBJECT_CONVERSION = YES_AGGRESSIVE;
				CLANG_CXX_LANGUAGE_STANDARD = "gnu++14";
				CLANG_CXX_LIBRARY = "libc++";
				CLANG_ENABLE_MODULES = YES;
				CLANG_ENABLE_OBJC_ARC = YES;
				CLANG_ENABLE_OBJC_WEAK = YES;
				CLANG_WARN_BLOCK_CAPTURE_AUTORELEASING = YES;
				CLANG_WARN_BOOL_CONVERSION = YES;
				CLANG_WARN_COMMA = YES;
				CLANG_WARN_CONSTANT_CONVERSION = YES;
				CLANG_WARN_DEPRECATED_OBJC_IMPLEMENTATIONS = YES;
				CLANG_WARN_DIRECT_OBJC_ISA_USAGE = YES_ERROR;
				CLANG_WARN_DOCUMENTATION_COMMENTS = YES;
				CLANG_WARN_EMPTY_BODY = YES;
				CLANG_WARN_ENUM_CONVERSION = YES;
				CLANG_WARN_INFINITE_RECURSION = YES;
				CLANG_WARN_INT_CONVERSION = YES;
				CLANG_WARN_NON_LITERAL_NULL_CONVERSION = YES;
				CLANG_WARN_OBJC_IMPLICIT_RETAIN_SELF = YES;
				CLANG_WARN_OBJC_LITERAL_CONVERSION = YES;
				CLANG_WARN_OBJC_ROOT_CLASS = YES_ERROR;
				CLANG_WARN_QUOTED_INCLUDE_IN_FRAMEWORK_HEADER = YES;
				CLANG_WARN_RANGE_LOOP_ANALYSIS = YES;
				CLANG_WARN_STRICT_PROTOTYPES = YES;
				CLANG_WARN_SUSPICIOUS_MOVE = YES;
				CLANG_WARN_UNGUARDED_AVAILABILITY = YES_AGGRESSIVE;
				CLANG_WARN_UNREACHABLE_CODE = YES;
				CLANG_WARN__DUPLICATE_METHOD_MATCH = YES;
				COPY_PHASE_STRIP = NO;
				DEBUG_INFORMATION_FORMAT = dwarf;
				ENABLE_STRICT_OBJC_MSGSEND = YES;
				ENABLE_TESTABILITY = YES;
				GCC_C_LANGUAGE_STANDARD = gnu11;
				GCC_DYNAMIC_NO_PIC = NO;
				GCC_NO_COMMON_BLOCKS = YES;
				GCC_OPTIMIZATION_LEVEL = 0;
				GCC_PREPROCESSOR_DEFINITIONS = (
					"DEBUG=1",
					"$(inherited)",
				);
				GCC_WARN_64_TO_32_BIT_CONVERSION = YES;
				GCC_WARN_ABOUT_RETURN_TYPE = YES_ERROR;
				GCC_WARN_UNDECLARED_SELECTOR = YES;
				GCC_WARN_UNINITIALIZED_AUTOS = YES_AGGRESSIVE;
				GCC_WARN_UNUSED_FUNCTION = YES;
				GCC_WARN_UNUSED_VARIABLE = YES;
				IPHONEOS_DEPLOYMENT_TARGET = 14.5;
				MTL_ENABLE_DEBUG_INFO = INCLUDE_SOURCE;
				MTL_FAST_MATH = YES;
				ONLY_ACTIVE_ARCH = YES;
				SDKROOT = iphoneos;
				SWIFT_ACTIVE_COMPILATION_CONDITIONS = DEBUG;
				SWIFT_OPTIMIZATION_LEVEL = "-Onone";
			};
			name = Debug;
		};
		8ABCC17F26AF1AF800B31C91 /* Release */ = {
			isa = XCBuildConfiguration;
			buildSettings = {
				ALWAYS_SEARCH_USER_PATHS = NO;
				CLANG_ANALYZER_NONNULL = YES;
				CLANG_ANALYZER_NUMBER_OBJECT_CONVERSION = YES_AGGRESSIVE;
				CLANG_CXX_LANGUAGE_STANDARD = "gnu++14";
				CLANG_CXX_LIBRARY = "libc++";
				CLANG_ENABLE_MODULES = YES;
				CLANG_ENABLE_OBJC_ARC = YES;
				CLANG_ENABLE_OBJC_WEAK = YES;
				CLANG_WARN_BLOCK_CAPTURE_AUTORELEASING = YES;
				CLANG_WARN_BOOL_CONVERSION = YES;
				CLANG_WARN_COMMA = YES;
				CLANG_WARN_CONSTANT_CONVERSION = YES;
				CLANG_WARN_DEPRECATED_OBJC_IMPLEMENTATIONS = YES;
				CLANG_WARN_DIRECT_OBJC_ISA_USAGE = YES_ERROR;
				CLANG_WARN_DOCUMENTATION_COMMENTS = YES;
				CLANG_WARN_EMPTY_BODY = YES;
				CLANG_WARN_ENUM_CONVERSION = YES;
				CLANG_WARN_INFINITE_RECURSION = YES;
				CLANG_WARN_INT_CONVERSION = YES;
				CLANG_WARN_NON_LITERAL_NULL_CONVERSION = YES;
				CLANG_WARN_OBJC_IMPLICIT_RETAIN_SELF = YES;
				CLANG_WARN_OBJC_LITERAL_CONVERSION = YES;
				CLANG_WARN_OBJC_ROOT_CLASS = YES_ERROR;
				CLANG_WARN_QUOTED_INCLUDE_IN_FRAMEWORK_HEADER = YES;
				CLANG_WARN_RANGE_LOOP_ANALYSIS = YES;
				CLANG_WARN_STRICT_PROTOTYPES = YES;
				CLANG_WARN_SUSPICIOUS_MOVE = YES;
				CLANG_WARN_UNGUARDED_AVAILABILITY = YES_AGGRESSIVE;
				CLANG_WARN_UNREACHABLE_CODE = YES;
				CLANG_WARN__DUPLICATE_METHOD_MATCH = YES;
				COPY_PHASE_STRIP = NO;
				DEBUG_INFORMATION_FORMAT = "dwarf-with-dsym";
				ENABLE_NS_ASSERTIONS = NO;
				ENABLE_STRICT_OBJC_MSGSEND = YES;
				GCC_C_LANGUAGE_STANDARD = gnu11;
				GCC_NO_COMMON_BLOCKS = YES;
				GCC_WARN_64_TO_32_BIT_CONVERSION = YES;
				GCC_WARN_ABOUT_RETURN_TYPE = YES_ERROR;
				GCC_WARN_UNDECLARED_SELECTOR = YES;
				GCC_WARN_UNINITIALIZED_AUTOS = YES_AGGRESSIVE;
				GCC_WARN_UNUSED_FUNCTION = YES;
				GCC_WARN_UNUSED_VARIABLE = YES;
				IPHONEOS_DEPLOYMENT_TARGET = 14.5;
				MTL_ENABLE_DEBUG_INFO = NO;
				MTL_FAST_MATH = YES;
				SDKROOT = iphoneos;
				SWIFT_COMPILATION_MODE = wholemodule;
				SWIFT_OPTIMIZATION_LEVEL = "-O";
				VALIDATE_PRODUCT = YES;
			};
			name = Release;
		};
		8ABCC18126AF1AF800B31C91 /* Debug */ = {
			isa = XCBuildConfiguration;
			buildSettings = {
				ASSETCATALOG_COMPILER_APPICON_NAME = AppIcon;
				ASSETCATALOG_COMPILER_GLOBAL_ACCENT_COLOR_NAME = AccentColor;
				CODE_SIGN_STYLE = Automatic;
				DEVELOPMENT_TEAM = BSLR42DR62;
				INFOPLIST_FILE = PrintStuff/Info.plist;
				LD_RUNPATH_SEARCH_PATHS = (
					"$(inherited)",
					"@executable_path/Frameworks",
				);
				PRODUCT_BUNDLE_IDENTIFIER = com.polyorb.PrintStuff;
				PRODUCT_NAME = "$(TARGET_NAME)";
				SWIFT_VERSION = 5.0;
				TARGETED_DEVICE_FAMILY = "1,2";
			};
			name = Debug;
		};
		8ABCC18226AF1AF800B31C91 /* Release */ = {
			isa = XCBuildConfiguration;
			buildSettings = {
				ASSETCATALOG_COMPILER_APPICON_NAME = AppIcon;
				ASSETCATALOG_COMPILER_GLOBAL_ACCENT_COLOR_NAME = AccentColor;
				CODE_SIGN_STYLE = Automatic;
				DEVELOPMENT_TEAM = BSLR42DR62;
				INFOPLIST_FILE = PrintStuff/Info.plist;
				LD_RUNPATH_SEARCH_PATHS = (
					"$(inherited)",
					"@executable_path/Frameworks",
				);
				PRODUCT_BUNDLE_IDENTIFIER = com.polyorb.PrintStuff;
				PRODUCT_NAME = "$(TARGET_NAME)";
				SWIFT_VERSION = 5.0;
				TARGETED_DEVICE_FAMILY = "1,2";
			};
			name = Release;
		};
/* End XCBuildConfiguration section */

/* Begin XCConfigurationList section */
		8ABCC16726AF1AF700B31C91 /* Build configuration list for PBXProject "PrintStuff" */ = {
			isa = XCConfigurationList;
			buildConfigurations = (
				8ABCC17E26AF1AF800B31C91 /* Debug */,
				8ABCC17F26AF1AF800B31C91 /* Release */,
			);
			defaultConfigurationIsVisible = 0;
			defaultConfigurationName = Release;
		};
		8ABCC18026AF1AF800B31C91 /* Build configuration list for PBXNativeTarget "PrintStuff" */ = {
			isa = XCConfigurationList;
			buildConfigurations = (
				8ABCC18126AF1AF800B31C91 /* Debug */,
				8ABCC18226AF1AF800B31C91 /* Release */,
			);
			defaultConfigurationIsVisible = 0;
			defaultConfigurationName = Release;
		};
/* End XCConfigurationList section */
	};
	rootObject = 8ABCC16426AF1AF700B31C91 /* Project object */;
}
